
Microsoft Visual Studio Solution File, Format Version 12.00
# Visual Studio 2013
VisualStudioVersion = 12.0.31101.0
MinimumVisualStudioVersion = 10.0.40219.1
Project("{FAE04EC0-301F-11D3-BF4B-00C04F79EFBC}") = "Prism", "Prism.csproj", "{93D2D3F2-CC3F-42FE-A970-3AAD8C015982}"
EndProject
Project("{FAE04EC0-301F-11D3-BF4B-00C04F79EFBC}") = "UnitTestPrism", "UnitTestPrism\UnitTestPrism.csproj", "{E9F6890E-DEB7-4E46-9B31-D4316E187269}"
EndProject
Global
	GlobalSection(SolutionConfigurationPlatforms) = preSolution
		Debug|Any CPU = Debug|Any CPU
		Release|Any CPU = Release|Any CPU
	EndGlobalSection
	GlobalSection(ProjectConfigurationPlatforms) = postSolution
		{93D2D3F2-CC3F-42FE-A970-3AAD8C015982}.Debug|Any CPU.ActiveCfg = Debug|Any CPU
		{93D2D3F2-CC3F-42FE-A970-3AAD8C015982}.Debug|Any CPU.Build.0 = Debug|Any CPU
		{93D2D3F2-CC3F-42FE-A970-3AAD8C015982}.Release|Any CPU.ActiveCfg = Release|Any CPU
		{93D2D3F2-CC3F-42FE-A970-3AAD8C015982}.Release|Any CPU.Build.0 = Release|Any CPU
		{E9F6890E-DEB7-4E46-9B31-D4316E187269}.Debug|Any CPU.ActiveCfg = Debug|Any CPU
		{E9F6890E-DEB7-4E46-9B31-D4316E187269}.Debug|Any CPU.Build.0 = Debug|Any CPU
		{E9F6890E-DEB7-4E46-9B31-D4316E187269}.Release|Any CPU.ActiveCfg = Release|Any CPU
		{E9F6890E-DEB7-4E46-9B31-D4316E187269}.Release|Any CPU.Build.0 = Release|Any CPU
	EndGlobalSection
	GlobalSection(SolutionProperties) = preSolution
		HideSolutionNode = FALSE
	EndGlobalSection
EndGlobal
